
Microsoft Visual Studio Solution File, Format Version 12.00
# Visual Studio 15
VisualStudioVersion = 15.0.28010.2046
MinimumVisualStudioVersion = 10.0.40219.1
Project("{FAE04EC0-301F-11D3-BF4B-00C04F79EFBC}") = "StudentManagementSystem", "StudentManagementSystem\StudentManagementSystem.csproj", "{755F94C3-B832-417D-B594-833850681045}"
EndProject
Global
	GlobalSection(SolutionConfigurationPlatforms) = preSolution
		Debug|Any CPU = Debug|Any CPU
		Release|Any CPU = Release|Any CPU
	EndGlobalSection
	GlobalSection(ProjectConfigurationPlatforms) = postSolution
		{755F94C3-B832-417D-B594-833850681045}.Debug|Any CPU.ActiveCfg = Debug|Any CPU
		{755F94C3-B832-417D-B594-833850681045}.Debug|Any CPU.Build.0 = Debug|Any CPU
		{755F94C3-B832-417D-B594-833850681045}.Release|Any CPU.ActiveCfg = Release|Any CPU
		{755F94C3-B832-417D-B594-833850681045}.Release|Any CPU.Build.0 = Release|Any CPU
	EndGlobalSection
	GlobalSection(SolutionProperties) = preSolution
		HideSolutionNode = FALSE
	EndGlobalSection
	GlobalSection(ExtensibilityGlobals) = postSolution
		SolutionGuid = {06BC6E1C-D64F-46B7-85BD-4D5C3C56983A}
	EndGlobalSection
EndGlobal
