
Microsoft Visual Studio Solution File, Format Version 12.00
# Visual Studio 15
VisualStudioVersion = 15.0.28010.2046
MinimumVisualStudioVersion = 10.0.40219.1
Project("{FAE04EC0-301F-11D3-BF4B-00C04F79EFBC}") = "Excercise_131", "Excercise_131\Excercise_131.csproj", "{59C217A2-EDA2-47A1-B674-19BA38CE5477}"
EndProject
Global
	GlobalSection(SolutionConfigurationPlatforms) = preSolution
		Debug|Any CPU = Debug|Any CPU
		Release|Any CPU = Release|Any CPU
	EndGlobalSection
	GlobalSection(ProjectConfigurationPlatforms) = postSolution
		{59C217A2-EDA2-47A1-B674-19BA38CE5477}.Debug|Any CPU.ActiveCfg = Debug|Any CPU
		{59C217A2-EDA2-47A1-B674-19BA38CE5477}.Debug|Any CPU.Build.0 = Debug|Any CPU
		{59C217A2-EDA2-47A1-B674-19BA38CE5477}.Release|Any CPU.ActiveCfg = Release|Any CPU
		{59C217A2-EDA2-47A1-B674-19BA38CE5477}.Release|Any CPU.Build.0 = Release|Any CPU
	EndGlobalSection
	GlobalSection(SolutionProperties) = preSolution
		HideSolutionNode = FALSE
	EndGlobalSection
	GlobalSection(ExtensibilityGlobals) = postSolution
		SolutionGuid = {87548C77-22B4-43D3-AB6F-057D10C68C6C}
	EndGlobalSection
EndGlobal
