
Microsoft Visual Studio Solution File, Format Version 12.00
# Visual Studio 15
VisualStudioVersion = 15.0.28010.2046
MinimumVisualStudioVersion = 10.0.40219.1
Project("{FAE04EC0-301F-11D3-BF4B-00C04F79EFBC}") = "WhileLoop", "WhileLoop\WhileLoop.csproj", "{58CB7BAC-1D7A-45D7-8F81-4DD944BC350D}"
EndProject
Global
	GlobalSection(SolutionConfigurationPlatforms) = preSolution
		Debug|Any CPU = Debug|Any CPU
		Release|Any CPU = Release|Any CPU
	EndGlobalSection
	GlobalSection(ProjectConfigurationPlatforms) = postSolution
		{58CB7BAC-1D7A-45D7-8F81-4DD944BC350D}.Debug|Any CPU.ActiveCfg = Debug|Any CPU
		{58CB7BAC-1D7A-45D7-8F81-4DD944BC350D}.Debug|Any CPU.Build.0 = Debug|Any CPU
		{58CB7BAC-1D7A-45D7-8F81-4DD944BC350D}.Release|Any CPU.ActiveCfg = Release|Any CPU
		{58CB7BAC-1D7A-45D7-8F81-4DD944BC350D}.Release|Any CPU.Build.0 = Release|Any CPU
	EndGlobalSection
	GlobalSection(SolutionProperties) = preSolution
		HideSolutionNode = FALSE
	EndGlobalSection
	GlobalSection(ExtensibilityGlobals) = postSolution
		SolutionGuid = {14053CAB-3CEC-41BC-8835-10EC7D9ACA50}
	EndGlobalSection
EndGlobal
