
Microsoft Visual Studio Solution File, Format Version 12.00
# Visual Studio 15
VisualStudioVersion = 15.0.28010.2046
MinimumVisualStudioVersion = 10.0.40219.1
Project("{FAE04EC0-301F-11D3-BF4B-00C04F79EFBC}") = "Iteration", "Iteration\Iteration.csproj", "{E04C02D3-81BE-4B2E-9DDA-505FDAD46D96}"
EndProject
Global
	GlobalSection(SolutionConfigurationPlatforms) = preSolution
		Debug|Any CPU = Debug|Any CPU
		Release|Any CPU = Release|Any CPU
	EndGlobalSection
	GlobalSection(ProjectConfigurationPlatforms) = postSolution
		{E04C02D3-81BE-4B2E-9DDA-505FDAD46D96}.Debug|Any CPU.ActiveCfg = Debug|Any CPU
		{E04C02D3-81BE-4B2E-9DDA-505FDAD46D96}.Debug|Any CPU.Build.0 = Debug|Any CPU
		{E04C02D3-81BE-4B2E-9DDA-505FDAD46D96}.Release|Any CPU.ActiveCfg = Release|Any CPU
		{E04C02D3-81BE-4B2E-9DDA-505FDAD46D96}.Release|Any CPU.Build.0 = Release|Any CPU
	EndGlobalSection
	GlobalSection(SolutionProperties) = preSolution
		HideSolutionNode = FALSE
	EndGlobalSection
	GlobalSection(ExtensibilityGlobals) = postSolution
		SolutionGuid = {1938AAD0-70E0-4AC2-A337-969FD4D697AF}
	EndGlobalSection
EndGlobal
